// !$*UTF8*$!
{
	archiveVersion = 1;
	classes = {
	};
	objectVersion = 46;
	objects = {

/* Begin PBXBuildFile section */
		C3230E2BF5E5679631D3048A /* Pods_IceAndFire.framework in Frameworks */ = {isa = PBXBuildFile; fileRef = 8FD097E1CB8B51784C10EB48 /* Pods_IceAndFire.framework */; };
		FA344CDE1F0CD191009AFCBB /* IAFBooksDataSource.swift in Sources */ = {isa = PBXBuildFile; fileRef = FA344CDD1F0CD191009AFCBB /* IAFBooksDataSource.swift */; };
		FA4D1E741F13CBC30081BAA1 /* DetailCollectionViewController.swift in Sources */ = {isa = PBXBuildFile; fileRef = FA4D1E731F13CBC30081BAA1 /* DetailCollectionViewController.swift */; };
		FA5CB7E51F0BB4C90057829E /* AppDelegate.swift in Sources */ = {isa = PBXBuildFile; fileRef = FA5CB7E41F0BB4C90057829E /* AppDelegate.swift */; };
		FA5CB7E71F0BB4C90057829E /* BooksTableController.swift in Sources */ = {isa = PBXBuildFile; fileRef = FA5CB7E61F0BB4C90057829E /* BooksTableController.swift */; };
		FA5CB7EA1F0BB4C90057829E /* Main.storyboard in Resources */ = {isa = PBXBuildFile; fileRef = FA5CB7E81F0BB4C90057829E /* Main.storyboard */; };
		FA5CB7EC1F0BB4C90057829E /* Assets.xcassets in Resources */ = {isa = PBXBuildFile; fileRef = FA5CB7EB1F0BB4C90057829E /* Assets.xcassets */; };
		FA5CB7EF1F0BB4C90057829E /* LaunchScreen.storyboard in Resources */ = {isa = PBXBuildFile; fileRef = FA5CB7ED1F0BB4C90057829E /* LaunchScreen.storyboard */; };
		FA5CB7F71F0BB5F40057829E /* IceAndFireAPI.swift in Sources */ = {isa = PBXBuildFile; fileRef = FA5CB7F61F0BB5F40057829E /* IceAndFireAPI.swift */; };
		FA5CB7F91F0BBF2B0057829E /* IceAndFireBooksRepository.swift in Sources */ = {isa = PBXBuildFile; fileRef = FA5CB7F81F0BBF2B0057829E /* IceAndFireBooksRepository.swift */; };
		FA5CB7FB1F0BD5730057829E /* IAFBook.swift in Sources */ = {isa = PBXBuildFile; fileRef = FA5CB7FA1F0BD5730057829E /* IAFBook.swift */; };
/* End PBXBuildFile section */

/* Begin PBXFileReference section */
		5F3C1AA79EE8C35AE29AD8F7 /* Pods-IceAndFire.release.xcconfig */ = {isa = PBXFileReference; includeInIndex = 1; lastKnownFileType = text.xcconfig; name = "Pods-IceAndFire.release.xcconfig"; path = "Pods/Target Support Files/Pods-IceAndFire/Pods-IceAndFire.release.xcconfig"; sourceTree = "<group>"; };
		8FD097E1CB8B51784C10EB48 /* Pods_IceAndFire.framework */ = {isa = PBXFileReference; explicitFileType = wrapper.framework; includeInIndex = 0; path = Pods_IceAndFire.framework; sourceTree = BUILT_PRODUCTS_DIR; };
		F1EBAC1C0A5C4C1C248064DB /* Pods-IceAndFire.debug.xcconfig */ = {isa = PBXFileReference; includeInIndex = 1; lastKnownFileType = text.xcconfig; name = "Pods-IceAndFire.debug.xcconfig"; path = "Pods/Target Support Files/Pods-IceAndFire/Pods-IceAndFire.debug.xcconfig"; sourceTree = "<group>"; };
		FA344CDD1F0CD191009AFCBB /* IAFBooksDataSource.swift */ = {isa = PBXFileReference; fileEncoding = 4; lastKnownFileType = sourcecode.swift; path = IAFBooksDataSource.swift; sourceTree = "<group>"; };
		FA4D1E731F13CBC30081BAA1 /* DetailCollectionViewController.swift */ = {isa = PBXFileReference; fileEncoding = 4; lastKnownFileType = sourcecode.swift; path = DetailCollectionViewController.swift; sourceTree = "<group>"; };
		FA5CB7E11F0BB4C90057829E /* IceAndFire.app */ = {isa = PBXFileReference; explicitFileType = wrapper.application; includeInIndex = 0; path = IceAndFire.app; sourceTree = BUILT_PRODUCTS_DIR; };
		FA5CB7E41F0BB4C90057829E /* AppDelegate.swift */ = {isa = PBXFileReference; lastKnownFileType = sourcecode.swift; path = AppDelegate.swift; sourceTree = "<group>"; };
		FA5CB7E61F0BB4C90057829E /* BooksTableController.swift */ = {isa = PBXFileReference; lastKnownFileType = sourcecode.swift; path = BooksTableController.swift; sourceTree = "<group>"; };
		FA5CB7E91F0BB4C90057829E /* Base */ = {isa = PBXFileReference; lastKnownFileType = file.storyboard; name = Base; path = Base.lproj/Main.storyboard; sourceTree = "<group>"; };
		FA5CB7EB1F0BB4C90057829E /* Assets.xcassets */ = {isa = PBXFileReference; lastKnownFileType = folder.assetcatalog; path = Assets.xcassets; sourceTree = "<group>"; };
		FA5CB7EE1F0BB4C90057829E /* Base */ = {isa = PBXFileReference; lastKnownFileType = file.storyboard; name = Base; path = Base.lproj/LaunchScreen.storyboard; sourceTree = "<group>"; };
		FA5CB7F01F0BB4C90057829E /* Info.plist */ = {isa = PBXFileReference; lastKnownFileType = text.plist.xml; path = Info.plist; sourceTree = "<group>"; };
		FA5CB7F61F0BB5F40057829E /* IceAndFireAPI.swift */ = {isa = PBXFileReference; fileEncoding = 4; lastKnownFileType = sourcecode.swift; path = IceAndFireAPI.swift; sourceTree = "<group>"; };
		FA5CB7F81F0BBF2B0057829E /* IceAndFireBooksRepository.swift */ = {isa = PBXFileReference; fileEncoding = 4; lastKnownFileType = sourcecode.swift; path = IceAndFireBooksRepository.swift; sourceTree = "<group>"; };
		FA5CB7FA1F0BD5730057829E /* IAFBook.swift */ = {isa = PBXFileReference; fileEncoding = 4; lastKnownFileType = sourcecode.swift; path = IAFBook.swift; sourceTree = "<group>"; };
/* End PBXFileReference section */

/* Begin PBXFrameworksBuildPhase section */
		FA5CB7DE1F0BB4C90057829E /* Frameworks */ = {
			isa = PBXFrameworksBuildPhase;
			buildActionMask = 2147483647;
			files = (
				C3230E2BF5E5679631D3048A /* Pods_IceAndFire.framework in Frameworks */,
			);
			runOnlyForDeploymentPostprocessing = 0;
		};
/* End PBXFrameworksBuildPhase section */

/* Begin PBXGroup section */
		8E4FD57102A6E1B4F5350945 /* Frameworks */ = {
			isa = PBXGroup;
			children = (
				8FD097E1CB8B51784C10EB48 /* Pods_IceAndFire.framework */,
			);
			name = Frameworks;
			sourceTree = "<group>";
		};
		96D3D00473F74A763135F8E7 /* Pods */ = {
			isa = PBXGroup;
			children = (
				F1EBAC1C0A5C4C1C248064DB /* Pods-IceAndFire.debug.xcconfig */,
				5F3C1AA79EE8C35AE29AD8F7 /* Pods-IceAndFire.release.xcconfig */,
			);
			name = Pods;
			sourceTree = "<group>";
		};
		FA5CB7D81F0BB4C90057829E = {
			isa = PBXGroup;
			children = (
				FA5CB7E31F0BB4C90057829E /* IceAndFire */,
				FA5CB7E21F0BB4C90057829E /* Products */,
				96D3D00473F74A763135F8E7 /* Pods */,
				8E4FD57102A6E1B4F5350945 /* Frameworks */,
			);
			sourceTree = "<group>";
		};
		FA5CB7E21F0BB4C90057829E /* Products */ = {
			isa = PBXGroup;
			children = (
				FA5CB7E11F0BB4C90057829E /* IceAndFire.app */,
			);
			name = Products;
			sourceTree = "<group>";
		};
		FA5CB7E31F0BB4C90057829E /* IceAndFire */ = {
			isa = PBXGroup;
			children = (
				FA5CB7E41F0BB4C90057829E /* AppDelegate.swift */,
				FA5CB7E61F0BB4C90057829E /* BooksTableController.swift */,
				FA4D1E731F13CBC30081BAA1 /* DetailCollectionViewController.swift */,
				FA5CB7F61F0BB5F40057829E /* IceAndFireAPI.swift */,
				FA5CB7F81F0BBF2B0057829E /* IceAndFireBooksRepository.swift */,
				FA344CDD1F0CD191009AFCBB /* IAFBooksDataSource.swift */,
				FA5CB7FA1F0BD5730057829E /* IAFBook.swift */,
				FA5CB7E81F0BB4C90057829E /* Main.storyboard */,
				FA5CB7EB1F0BB4C90057829E /* Assets.xcassets */,
				FA5CB7ED1F0BB4C90057829E /* LaunchScreen.storyboard */,
				FA5CB7F01F0BB4C90057829E /* Info.plist */,
			);
			path = IceAndFire;
			sourceTree = "<group>";
		};
/* End PBXGroup section */

/* Begin PBXNativeTarget section */
		FA5CB7E01F0BB4C90057829E /* IceAndFire */ = {
			isa = PBXNativeTarget;
			buildConfigurationList = FA5CB7F31F0BB4C90057829E /* Build configuration list for PBXNativeTarget "IceAndFire" */;
			buildPhases = (
				E9493685E42224C3CAB32F13 /* [CP] Check Pods Manifest.lock */,
				FA5CB7DD1F0BB4C90057829E /* Sources */,
				FA5CB7DE1F0BB4C90057829E /* Frameworks */,
				FA5CB7DF1F0BB4C90057829E /* Resources */,
				E683F15E8D0E3E05C5243A85 /* [CP] Embed Pods Frameworks */,
				AA1329E00E8EC45942CEC0FD /* [CP] Copy Pods Resources */,
			);
			buildRules = (
			);
			dependencies = (
			);
			name = IceAndFire;
			productName = IceAndFire;
			productReference = FA5CB7E11F0BB4C90057829E /* IceAndFire.app */;
			productType = "com.apple.product-type.application";
		};
/* End PBXNativeTarget section */

/* Begin PBXProject section */
		FA5CB7D91F0BB4C90057829E /* Project object */ = {
			isa = PBXProject;
			attributes = {
				LastSwiftUpdateCheck = 0830;
				LastUpgradeCheck = 0830;
				ORGANIZATIONNAME = "Alexey Kuznetsov";
				TargetAttributes = {
					FA5CB7E01F0BB4C90057829E = {
						CreatedOnToolsVersion = 8.3.3;
						DevelopmentTeam = HQRF9MSSXU;
						ProvisioningStyle = Automatic;
					};
				};
			};
			buildConfigurationList = FA5CB7DC1F0BB4C90057829E /* Build configuration list for PBXProject "IceAndFire" */;
			compatibilityVersion = "Xcode 3.2";
			developmentRegion = English;
			hasScannedForEncodings = 0;
			knownRegions = (
				en,
				Base,
			);
			mainGroup = FA5CB7D81F0BB4C90057829E;
			productRefGroup = FA5CB7E21F0BB4C90057829E /* Products */;
			projectDirPath = "";
			projectRoot = "";
			targets = (
				FA5CB7E01F0BB4C90057829E /* IceAndFire */,
			);
		};
/* End PBXProject section */

/* Begin PBXResourcesBuildPhase section */
		FA5CB7DF1F0BB4C90057829E /* Resources */ = {
			isa = PBXResourcesBuildPhase;
			buildActionMask = 2147483647;
			files = (
				FA5CB7EF1F0BB4C90057829E /* LaunchScreen.storyboard in Resources */,
				FA5CB7EC1F0BB4C90057829E /* Assets.xcassets in Resources */,
				FA5CB7EA1F0BB4C90057829E /* Main.storyboard in Resources */,
			);
			runOnlyForDeploymentPostprocessing = 0;
		};
/* End PBXResourcesBuildPhase section */

/* Begin PBXShellScriptBuildPhase section */
		AA1329E00E8EC45942CEC0FD /* [CP] Copy Pods Resources */ = {
			isa = PBXShellScriptBuildPhase;
			buildActionMask = 2147483647;
			files = (
			);
			inputPaths = (
			);
			name = "[CP] Copy Pods Resources";
			outputPaths = (
			);
			runOnlyForDeploymentPostprocessing = 0;
			shellPath = /bin/sh;
			shellScript = "\"${SRCROOT}/Pods/Target Support Files/Pods-IceAndFire/Pods-IceAndFire-resources.sh\"\n";
			showEnvVarsInLog = 0;
		};
		E683F15E8D0E3E05C5243A85 /* [CP] Embed Pods Frameworks */ = {
			isa = PBXShellScriptBuildPhase;
			buildActionMask = 2147483647;
			files = (
			);
			inputPaths = (
			);
			name = "[CP] Embed Pods Frameworks";
			outputPaths = (
			);
			runOnlyForDeploymentPostprocessing = 0;
			shellPath = /bin/sh;
			shellScript = "\"${SRCROOT}/Pods/Target Support Files/Pods-IceAndFire/Pods-IceAndFire-frameworks.sh\"\n";
			showEnvVarsInLog = 0;
		};
		E9493685E42224C3CAB32F13 /* [CP] Check Pods Manifest.lock */ = {
			isa = PBXShellScriptBuildPhase;
			buildActionMask = 2147483647;
			files = (
			);
			inputPaths = (
			);
			name = "[CP] Check Pods Manifest.lock";
			outputPaths = (
			);
			runOnlyForDeploymentPostprocessing = 0;
			shellPath = /bin/sh;
			shellScript = "diff \"${PODS_PODFILE_DIR_PATH}/Podfile.lock\" \"${PODS_ROOT}/Manifest.lock\" > /dev/null\nif [ $? != 0 ] ; then\n    # print error to STDERR\n    echo \"error: The sandbox is not in sync with the Podfile.lock. Run 'pod install' or update your CocoaPods installation.\" >&2\n    exit 1\nfi\n";
			showEnvVarsInLog = 0;
		};
/* End PBXShellScriptBuildPhase section */

/* Begin PBXSourcesBuildPhase section */
		FA5CB7DD1F0BB4C90057829E /* Sources */ = {
			isa = PBXSourcesBuildPhase;
			buildActionMask = 2147483647;
			files = (
				FA5CB7F91F0BBF2B0057829E /* IceAndFireBooksRepository.swift in Sources */,
				FA4D1E741F13CBC30081BAA1 /* DetailCollectionViewController.swift in Sources */,
				FA5CB7F71F0BB5F40057829E /* IceAndFireAPI.swift in Sources */,
				FA344CDE1F0CD191009AFCBB /* IAFBooksDataSource.swift in Sources */,
				FA5CB7E71F0BB4C90057829E /* BooksTableController.swift in Sources */,
				FA5CB7FB1F0BD5730057829E /* IAFBook.swift in Sources */,
				FA5CB7E51F0BB4C90057829E /* AppDelegate.swift in Sources */,
			);
			runOnlyForDeploymentPostprocessing = 0;
		};
/* End PBXSourcesBuildPhase section */

/* Begin PBXVariantGroup section */
		FA5CB7E81F0BB4C90057829E /* Main.storyboard */ = {
			isa = PBXVariantGroup;
			children = (
				FA5CB7E91F0BB4C90057829E /* Base */,
			);
			name = Main.storyboard;
			sourceTree = "<group>";
		};
		FA5CB7ED1F0BB4C90057829E /* LaunchScreen.storyboard */ = {
			isa = PBXVariantGroup;
			children = (
				FA5CB7EE1F0BB4C90057829E /* Base */,
			);
			name = LaunchScreen.storyboard;
			sourceTree = "<group>";
		};
/* End PBXVariantGroup section */

/* Begin XCBuildConfiguration section */
		FA5CB7F11F0BB4C90057829E /* Debug */ = {
			isa = XCBuildConfiguration;
			buildSettings = {
				ALWAYS_SEARCH_USER_PATHS = NO;
				CLANG_ANALYZER_NONNULL = YES;
				CLANG_ANALYZER_NUMBER_OBJECT_CONVERSION = YES_AGGRESSIVE;
				CLANG_CXX_LANGUAGE_STANDARD = "gnu++0x";
				CLANG_CXX_LIBRARY = "libc++";
				CLANG_ENABLE_MODULES = YES;
				CLANG_ENABLE_OBJC_ARC = YES;
				CLANG_WARN_BOOL_CONVERSION = YES;
				CLANG_WARN_CONSTANT_CONVERSION = YES;
				CLANG_WARN_DIRECT_OBJC_ISA_USAGE = YES_ERROR;
				CLANG_WARN_DOCUMENTATION_COMMENTS = YES;
				CLANG_WARN_EMPTY_BODY = YES;
				CLANG_WARN_ENUM_CONVERSION = YES;
				CLANG_WARN_INFINITE_RECURSION = YES;
				CLANG_WARN_INT_CONVERSION = YES;
				CLANG_WARN_OBJC_ROOT_CLASS = YES_ERROR;
				CLANG_WARN_SUSPICIOUS_MOVE = YES;
				CLANG_WARN_UNREACHABLE_CODE = YES;
				CLANG_WARN__DUPLICATE_METHOD_MATCH = YES;
				"CODE_SIGN_IDENTITY[sdk=iphoneos*]" = "iPhone Developer";
				COPY_PHASE_STRIP = NO;
				DEBUG_INFORMATION_FORMAT = dwarf;
				ENABLE_STRICT_OBJC_MSGSEND = YES;
				ENABLE_TESTABILITY = YES;
				GCC_C_LANGUAGE_STANDARD = gnu99;
				GCC_DYNAMIC_NO_PIC = NO;
				GCC_NO_COMMON_BLOCKS = YES;
				GCC_OPTIMIZATION_LEVEL = 0;
				GCC_PREPROCESSOR_DEFINITIONS = (
					"DEBUG=1",
					"$(inherited)",
				);
				GCC_WARN_64_TO_32_BIT_CONVERSION = YES;
				GCC_WARN_ABOUT_RETURN_TYPE = YES_ERROR;
				GCC_WARN_UNDECLARED_SELECTOR = YES;
				GCC_WARN_UNINITIALIZED_AUTOS = YES_AGGRESSIVE;
				GCC_WARN_UNUSED_FUNCTION = YES;
				GCC_WARN_UNUSED_VARIABLE = YES;
				IPHONEOS_DEPLOYMENT_TARGET = 10.3;
				MTL_ENABLE_DEBUG_INFO = YES;
				ONLY_ACTIVE_ARCH = YES;
				SDKROOT = iphoneos;
				SWIFT_ACTIVE_COMPILATION_CONDITIONS = DEBUG;
				SWIFT_OPTIMIZATION_LEVEL = "-Onone";
			};
			name = Debug;
		};
		FA5CB7F21F0BB4C90057829E /* Release */ = {
			isa = XCBuildConfiguration;
			buildSettings = {
				ALWAYS_SEARCH_USER_PATHS = NO;
				CLANG_ANALYZER_NONNULL = YES;
				CLANG_ANALYZER_NUMBER_OBJECT_CONVERSION = YES_AGGRESSIVE;
				CLANG_CXX_LANGUAGE_STANDARD = "gnu++0x";
				CLANG_CXX_LIBRARY = "libc++";
				CLANG_ENABLE_MODULES = YES;
				CLANG_ENABLE_OBJC_ARC = YES;
				CLANG_WARN_BOOL_CONVERSION = YES;
				CLANG_WARN_CONSTANT_CONVERSION = YES;
				CLANG_WARN_DIRECT_OBJC_ISA_USAGE = YES_ERROR;
				CLANG_WARN_DOCUMENTATION_COMMENTS = YES;
				CLANG_WARN_EMPTY_BODY = YES;
				CLANG_WARN_ENUM_CONVERSION = YES;
				CLANG_WARN_INFINITE_RECURSION = YES;
				CLANG_WARN_INT_CONVERSION = YES;
				CLANG_WARN_OBJC_ROOT_CLASS = YES_ERROR;
				CLANG_WARN_SUSPICIOUS_MOVE = YES;
				CLANG_WARN_UNREACHABLE_CODE = YES;
				CLANG_WARN__DUPLICATE_METHOD_MATCH = YES;
				"CODE_SIGN_IDENTITY[sdk=iphoneos*]" = "iPhone Developer";
				COPY_PHASE_STRIP = NO;
				DEBUG_INFORMATION_FORMAT = "dwarf-with-dsym";
				ENABLE_NS_ASSERTIONS = NO;
				ENABLE_STRICT_OBJC_MSGSEND = YES;
				GCC_C_LANGUAGE_STANDARD = gnu99;
				GCC_NO_COMMON_BLOCKS = YES;
				GCC_WARN_64_TO_32_BIT_CONVERSION = YES;
				GCC_WARN_ABOUT_RETURN_TYPE = YES_ERROR;
				GCC_WARN_UNDECLARED_SELECTOR = YES;
				GCC_WARN_UNINITIALIZED_AUTOS = YES_AGGRESSIVE;
				GCC_WARN_UNUSED_FUNCTION = YES;
				GCC_WARN_UNUSED_VARIABLE = YES;
				IPHONEOS_DEPLOYMENT_TARGET = 10.3;
				MTL_ENABLE_DEBUG_INFO = NO;
				SDKROOT = iphoneos;
				SWIFT_OPTIMIZATION_LEVEL = "-Owholemodule";
				VALIDATE_PRODUCT = YES;
			};
			name = Release;
		};
		FA5CB7F41F0BB4C90057829E /* Debug */ = {
			isa = XCBuildConfiguration;
			baseConfigurationReference = F1EBAC1C0A5C4C1C248064DB /* Pods-IceAndFire.debug.xcconfig */;
			buildSettings = {
				ASSETCATALOG_COMPILER_APPICON_NAME = AppIcon;
				DEVELOPMENT_TEAM = HQRF9MSSXU;
				INFOPLIST_FILE = IceAndFire/Info.plist;
				LD_RUNPATH_SEARCH_PATHS = "$(inherited) @executable_path/Frameworks";
				PRODUCT_BUNDLE_IDENTIFIER = AlexeyKuznetsov.IceAndFire;
				PRODUCT_NAME = "$(TARGET_NAME)";
				SWIFT_VERSION = 3.0;
			};
			name = Debug;
		};
		FA5CB7F51F0BB4C90057829E /* Release */ = {
			isa = XCBuildConfiguration;
			baseConfigurationReference = 5F3C1AA79EE8C35AE29AD8F7 /* Pods-IceAndFire.release.xcconfig */;
			buildSettings = {
				ASSETCATALOG_COMPILER_APPICON_NAME = AppIcon;
				DEVELOPMENT_TEAM = HQRF9MSSXU;
				INFOPLIST_FILE = IceAndFire/Info.plist;
				LD_RUNPATH_SEARCH_PATHS = "$(inherited) @executable_path/Frameworks";
				PRODUCT_BUNDLE_IDENTIFIER = AlexeyKuznetsov.IceAndFire;
				PRODUCT_NAME = "$(TARGET_NAME)";
				SWIFT_VERSION = 3.0;
			};
			name = Release;
		};
/* End XCBuildConfiguration section */

/* Begin XCConfigurationList section */
		FA5CB7DC1F0BB4C90057829E /* Build configuration list for PBXProject "IceAndFire" */ = {
			isa = XCConfigurationList;
			buildConfigurations = (
				FA5CB7F11F0BB4C90057829E /* Debug */,
				FA5CB7F21F0BB4C90057829E /* Release */,
			);
			defaultConfigurationIsVisible = 0;
			defaultConfigurationName = Release;
		};
		FA5CB7F31F0BB4C90057829E /* Build configuration list for PBXNativeTarget "IceAndFire" */ = {
			isa = XCConfigurationList;
			buildConfigurations = (
				FA5CB7F41F0BB4C90057829E /* Debug */,
				FA5CB7F51F0BB4C90057829E /* Release */,
			);
			defaultConfigurationIsVisible = 0;
			defaultConfigurationName = Release;
		};
/* End XCConfigurationList section */
	};
	rootObject = FA5CB7D91F0BB4C90057829E /* Project object */;
}
